# This file is automatically @generated by Cargo.
# It is not intended for manual editing.
version = 3

[[package]]
name = "hex"
version = "0.4.3"
source = "registry+https://github.com/rust-lang/crates.io-index"
checksum = "7f24254aa9a54b5c858eaee2f5bccdb46aaf0e486a595ed5fd8f86ba55232a70"

[[package]]
name = "w65c816"
version = "0.1.0"
dependencies = [
 "hex",
 "w65c816 0.1.13",
]

[[package]]
name = "w65c816"
version = "0.1.13"
source = "registry+https://github.com/rust-lang/crates.io-index"
checksum = "1ed1ca6628f3eea82a62625cb18a8b89af8cfa6ffde5b674cbf058b03bf164f4"
